
Microsoft Visual Studio Solution File, Format Version 12.00
# Visual Studio 2012
Project("{FAE04EC0-301F-11D3-BF4B-00C04F79EFBC}") = "GlidingSquirrel", "GlidingSquirrel\GlidingSquirrel.csproj", "{476D3588-4FEE-4C75-874F-214E26B8AC1A}"
EndProject
Project("{2150E333-8FDC-42A3-9474-1A3956D46DE8}") = "Solution Items", "Solution Items", "{3E35B998-2E6C-4140-A79E-5FF482D08325}"
	ProjectSection(SolutionItems) = preProject
		README.md = README.md
		LICENSE = LICENSE
	EndProjectSection
EndProject
Project("{FAE04EC0-301F-11D3-BF4B-00C04F79EFBC}") = "GlidingSquirrelCLI", "GlidingSquirrelCLI\GlidingSquirrelCLI.csproj", "{F3F21907-D5DE-4C63-A999-03E43701005A}"
EndProject
Global
	GlobalSection(SolutionConfigurationPlatforms) = preSolution
		Debug|x86 = Debug|x86
		Release|x86 = Release|x86
	EndGlobalSection
	GlobalSection(ProjectConfigurationPlatforms) = postSolution
		{476D3588-4FEE-4C75-874F-214E26B8AC1A}.Debug|x86.ActiveCfg = Debug|x86
		{476D3588-4FEE-4C75-874F-214E26B8AC1A}.Debug|x86.Build.0 = Debug|x86
		{476D3588-4FEE-4C75-874F-214E26B8AC1A}.Release|x86.ActiveCfg = Release|x86
		{476D3588-4FEE-4C75-874F-214E26B8AC1A}.Release|x86.Build.0 = Release|x86
		{F3F21907-D5DE-4C63-A999-03E43701005A}.Debug|x86.ActiveCfg = Debug|x86
		{F3F21907-D5DE-4C63-A999-03E43701005A}.Debug|x86.Build.0 = Debug|x86
		{F3F21907-D5DE-4C63-A999-03E43701005A}.Release|x86.ActiveCfg = Release|x86
		{F3F21907-D5DE-4C63-A999-03E43701005A}.Release|x86.Build.0 = Release|x86
	EndGlobalSection
	GlobalSection(MonoDevelopProperties) = preSolution
		version = 0.6-alpha
	EndGlobalSection
EndGlobal
